{
  "name": "svelte-datepicker",
  "version": "0.0.1",
  "lockfileVersion": 1,
  "requires": true,
  "dependencies": {
    "timeUtils": {
      "version": "2.0.0",
      "resolved": "https://registry.npmjs.org/timeUtils/-/timeUtils-2.0.0.tgz",
      "integrity": "sha512-rk1y/5ix4HczK3q4caEvo2iIhgRIHL6g85sX2rPNse8sKUATzYEAX1jAYYsW139aAcn1b24jV4By0SLmosQVyA=="
    }
  }
}
